PODS:
  - CareKit (1.0.2)
  - ResearchKit (1.3.1)

DEPENDENCIES:
  - CareKit (~> 1.0)
  - ResearchKit (~> 1.3)

SPEC CHECKSUMS:
  CareKit: 377857f33d3795ed6d24a5df116154773265f81a
  ResearchKit: badba0340dd71d1cbab4789a0bf01b26022b8f94

PODFILE CHECKSUM: d7baa37b8f13ecb4d158db52e0dbbee383940f95

COCOAPODS: 1.0.1
