// !$*UTF8*$!
{
	archiveVersion = 1;
	classes = {
	};
	objectVersion = 46;
	objects = {

/* Begin PBXBuildFile section */
		0832E35DE0A8F5F872401821 /* Pods_CycleOmics.framework in Frameworks */ = {isa = PBXBuildFile; fileRef = 970859AF2835716EF0CC4F13 /* Pods_CycleOmics.framework */; };
		234594D51F4AF06C9C104ECF /* Pods_CycleOmicsTests.framework in Frameworks */ = {isa = PBXBuildFile; fileRef = BAB3064C3315C23E1017E63C /* Pods_CycleOmicsTests.framework */; };
		6209C02F1D7CF8F300350B32 /* Notes.swift in Sources */ = {isa = PBXBuildFile; fileRef = 6209C02E1D7CF8F300350B32 /* Notes.swift */; };
		622BE5141D6FB5940016B3D9 /* CarePlanQuery.swift in Sources */ = {isa = PBXBuildFile; fileRef = 622BE5131D6FB5940016B3D9 /* CarePlanQuery.swift */; };
		622BE5161D6FB7FC0016B3D9 /* ActivityQuery.swift in Sources */ = {isa = PBXBuildFile; fileRef = 622BE5151D6FB7FC0016B3D9 /* ActivityQuery.swift */; };
		622BE5181D6FBCA50016B3D9 /* AssesmentQuery.swift in Sources */ = {isa = PBXBuildFile; fileRef = 622BE5171D6FBCA50016B3D9 /* AssesmentQuery.swift */; };
		622BE51B1D6FC49B0016B3D9 /* debugPrint.swift in Sources */ = {isa = PBXBuildFile; fileRef = 622BE51A1D6FC49B0016B3D9 /* debugPrint.swift */; };
		623FFD681CFB9A8E006EA0E0 /* AppDelegate.swift in Sources */ = {isa = PBXBuildFile; fileRef = 623FFD671CFB9A8E006EA0E0 /* AppDelegate.swift */; };
		623FFD721CFB9A8E006EA0E0 /* Assets.xcassets in Resources */ = {isa = PBXBuildFile; fileRef = 623FFD711CFB9A8E006EA0E0 /* Assets.xcassets */; };
		623FFD751CFB9A8E006EA0E0 /* LaunchScreen.storyboard in Resources */ = {isa = PBXBuildFile; fileRef = 623FFD731CFB9A8E006EA0E0 /* LaunchScreen.storyboard */; };
		623FFD801CFB9A8E006EA0E0 /* CycleOmicsTests.swift in Sources */ = {isa = PBXBuildFile; fileRef = 623FFD7F1CFB9A8E006EA0E0 /* CycleOmicsTests.swift */; };
		623FFD8B1CFB9A8E006EA0E0 /* CycleOmicsUITests.swift in Sources */ = {isa = PBXBuildFile; fileRef = 623FFD8A1CFB9A8E006EA0E0 /* CycleOmicsUITests.swift */; };
		625921191D5809A600B8AC11 /* NSDate+day.swift in Sources */ = {isa = PBXBuildFile; fileRef = 625921181D5809A600B8AC11 /* NSDate+day.swift */; };
		62910FF31D2B612100244FCE /* CareCardNavigationController.swift in Sources */ = {isa = PBXBuildFile; fileRef = 62910FF21D2B612100244FCE /* CareCardNavigationController.swift */; };
		62910FFC1D2C80B500244FCE /* HealthCategorySampleBuilder.swift in Sources */ = {isa = PBXBuildFile; fileRef = 62910FFB1D2C80B500244FCE /* HealthCategorySampleBuilder.swift */; };
		629110041D2C93DE00244FCE /* SexualActivities.swift in Sources */ = {isa = PBXBuildFile; fileRef = 629110031D2C93DE00244FCE /* SexualActivities.swift */; };
		629110061D2E04ED00244FCE /* CervicalMucus.swift in Sources */ = {isa = PBXBuildFile; fileRef = 629110051D2E04ED00244FCE /* CervicalMucus.swift */; };
		62A707A21D54281A00786F37 /* ReportBuilder.swift in Sources */ = {isa = PBXBuildFile; fileRef = 62A707A11D54281A00786F37 /* ReportBuilder.swift */; };
		62EA406E1D334F560072FE2F /* VaginalSwab.swift in Sources */ = {isa = PBXBuildFile; fileRef = 62EA406D1D334F560072FE2F /* VaginalSwab.swift */; };
		62EA40701D334FC70072FE2F /* Stool.swift in Sources */ = {isa = PBXBuildFile; fileRef = 62EA406F1D334FC70072FE2F /* Stool.swift */; };
		62EA40741D3464820072FE2F /* TubeSample.swift in Sources */ = {isa = PBXBuildFile; fileRef = 62EA40731D3464820072FE2F /* TubeSample.swift */; };
		62EB415E1D1B75E0002D67DE /* HealthKit.framework in Frameworks */ = {isa = PBXBuildFile; fileRef = 62EB415D1D1B75E0002D67DE /* HealthKit.framework */; };
		62EB41621D1B7A85002D67DE /* OnboardingViewController.swift in Sources */ = {isa = PBXBuildFile; fileRef = 62EB41601D1B7A85002D67DE /* OnboardingViewController.swift */; };
		62EB41631D1B7A85002D67DE /* IntroductionViewController.swift in Sources */ = {isa = PBXBuildFile; fileRef = 62EB41611D1B7A85002D67DE /* IntroductionViewController.swift */; };
		62EB41711D1B8394002D67DE /* ResearchContainerViewController.swift in Sources */ = {isa = PBXBuildFile; fileRef = 62EB416F1D1B8394002D67DE /* ResearchContainerViewController.swift */; };
		62EB41721D1B8394002D67DE /* ResearchContainerSegue.swift in Sources */ = {isa = PBXBuildFile; fileRef = 62EB41701D1B8394002D67DE /* ResearchContainerSegue.swift */; };
		62EB417D1D1B83FF002D67DE /* Main.storyboard in Resources */ = {isa = PBXBuildFile; fileRef = 62EB417C1D1B83FF002D67DE /* Main.storyboard */; };
		62EB41801D1B8429002D67DE /* HealthClientType.swift in Sources */ = {isa = PBXBuildFile; fileRef = 62EB417E1D1B8429002D67DE /* HealthClientType.swift */; };
		62EB41811D1B8429002D67DE /* AnimatableChart.swift in Sources */ = {isa = PBXBuildFile; fileRef = 62EB417F1D1B8429002D67DE /* AnimatableChart.swift */; };
		62EB41861D1B8440002D67DE /* HealthDataStep.swift in Sources */ = {isa = PBXBuildFile; fileRef = 62EB41831D1B8440002D67DE /* HealthDataStep.swift */; };
		62EB41871D1B8440002D67DE /* HealthDataStepViewController.swift in Sources */ = {isa = PBXBuildFile; fileRef = 62EB41841D1B8440002D67DE /* HealthDataStepViewController.swift */; };
		62EB41881D1B8440002D67DE /* ConsentDocument.swift in Sources */ = {isa = PBXBuildFile; fileRef = 62EB41851D1B8440002D67DE /* ConsentDocument.swift */; };
		62EB418B1D1B845A002D67DE /* WithdrawViewController.swift in Sources */ = {isa = PBXBuildFile; fileRef = 62EB418A1D1B845A002D67DE /* WithdrawViewController.swift */; };
		62EB41901D1B8473002D67DE /* ProfileViewController.swift in Sources */ = {isa = PBXBuildFile; fileRef = 62EB418D1D1B8473002D67DE /* ProfileViewController.swift */; };
		62EB41911D1B8473002D67DE /* ProfileStaticTableViewCell.swift in Sources */ = {isa = PBXBuildFile; fileRef = 62EB418E1D1B8473002D67DE /* ProfileStaticTableViewCell.swift */; };
		62EB41921D1B8473002D67DE /* ProfileHeaderView.swift in Sources */ = {isa = PBXBuildFile; fileRef = 62EB418F1D1B8473002D67DE /* ProfileHeaderView.swift */; };
		62EB419A1D1B84C6002D67DE /* HKHealthStore+Queries.swift in Sources */ = {isa = PBXBuildFile; fileRef = 62EB41991D1B84C6002D67DE /* HKHealthStore+Queries.swift */; };
		62EB41A21D1BF91E002D67DE /* Assessment.swift in Sources */ = {isa = PBXBuildFile; fileRef = 62EB419C1D1BF91E002D67DE /* Assessment.swift */; };
		62EB41A31D1BF91E002D67DE /* HealthSampleBuilder.swift in Sources */ = {isa = PBXBuildFile; fileRef = 62EB419D1D1BF91E002D67DE /* HealthSampleBuilder.swift */; };
		62EB41A51D1BF91E002D67DE /* Mood.swift in Sources */ = {isa = PBXBuildFile; fileRef = 62EB419F1D1BF91E002D67DE /* Mood.swift */; };
		62EB41AA1D1BF96A002D67DE /* Colors.swift in Sources */ = {isa = PBXBuildFile; fileRef = 62EB41A91D1BF96A002D67DE /* Colors.swift */; };
		62EB41AF1D1BF9CE002D67DE /* Activity.swift in Sources */ = {isa = PBXBuildFile; fileRef = 62EB41AB1D1BF9CE002D67DE /* Activity.swift */; };
		62EB41B01D1BF9CE002D67DE /* FingerBloodSpot.swift in Sources */ = {isa = PBXBuildFile; fileRef = 62EB41AC1D1BF9CE002D67DE /* FingerBloodSpot.swift */; };
		62EB41B11D1BF9CE002D67DE /* Saliva.swift in Sources */ = {isa = PBXBuildFile; fileRef = 62EB41AD1D1BF9CE002D67DE /* Saliva.swift */; };
		62EB41B21D1BF9CE002D67DE /* Urine.swift in Sources */ = {isa = PBXBuildFile; fileRef = 62EB41AE1D1BF9CE002D67DE /* Urine.swift */; };
		62EB41B51D1C4FA2002D67DE /* CarePlanStoreManager.swift in Sources */ = {isa = PBXBuildFile; fileRef = 62EB41B41D1C4FA2002D67DE /* CarePlanStoreManager.swift */; };
		62EB41BF1D1C5009002D67DE /* NSCalendar+Dates.swift in Sources */ = {isa = PBXBuildFile; fileRef = 62EB41BD1D1C5009002D67DE /* NSCalendar+Dates.swift */; };
		62EB41C01D1C5009002D67DE /* OCKInsightItem+EmptyMessage.swift in Sources */ = {isa = PBXBuildFile; fileRef = 62EB41BE1D1C5009002D67DE /* OCKInsightItem+EmptyMessage.swift */; };
		62EB41C51D1C536A002D67DE /* SampleData.swift in Sources */ = {isa = PBXBuildFile; fileRef = 62EB41C41D1C536A002D67DE /* SampleData.swift */; };
		62EB41C91D1C5E8F002D67DE /* Stress.swift in Sources */ = {isa = PBXBuildFile; fileRef = 62EB41C81D1C5E8F002D67DE /* Stress.swift */; };
		62EB41CB1D1C659E002D67DE /* SymptomNavigationController.swift in Sources */ = {isa = PBXBuildFile; fileRef = 62EB41CA1D1C659E002D67DE /* SymptomNavigationController.swift */; };
		62EB41CD1D1C6B77002D67DE /* Sleep.swift in Sources */ = {isa = PBXBuildFile; fileRef = 62EB41CC1D1C6B77002D67DE /* Sleep.swift */; };
		62EB41CF1D1C6CE0002D67DE /* BasalBodyTemperature.swift in Sources */ = {isa = PBXBuildFile; fileRef = 62EB41CE1D1C6CE0002D67DE /* BasalBodyTemperature.swift */; };
		7EAA0F01CCB0451C7922B932 /* Pods_CycleOmicsUITests.framework in Frameworks */ = {isa = PBXBuildFile; fileRef = C076BFE79D8517733B75F082 /* Pods_CycleOmicsUITests.framework */; };
/* End PBXBuildFile section */

/* Begin PBXContainerItemProxy section */
		623FFD7C1CFB9A8E006EA0E0 /* PBXContainerItemProxy */ = {
			isa = PBXContainerItemProxy;
			containerPortal = 623FFD5C1CFB9A8E006EA0E0 /* Project object */;
			proxyType = 1;
			remoteGlobalIDString = 623FFD631CFB9A8E006EA0E0;
			remoteInfo = CycleOmics;
		};
		623FFD871CFB9A8E006EA0E0 /* PBXContainerItemProxy */ = {
			isa = PBXContainerItemProxy;
			containerPortal = 623FFD5C1CFB9A8E006EA0E0 /* Project object */;
			proxyType = 1;
			remoteGlobalIDString = 623FFD631CFB9A8E006EA0E0;
			remoteInfo = CycleOmics;
		};
/* End PBXContainerItemProxy section */

/* Begin PBXFileReference section */
		2B284847ACE23B7EACCB0285 /* Pods-CycleOmicsUITests.release.xcconfig */ = {isa = PBXFileReference; includeInIndex = 1; lastKnownFileType = text.xcconfig; name = "Pods-CycleOmicsUITests.release.xcconfig"; path = "Pods/Target Support Files/Pods-CycleOmicsUITests/Pods-CycleOmicsUITests.release.xcconfig"; sourceTree = "<group>"; };
		45D919E8F101563A84221CE2 /* Pods-CycleOmics.debug.xcconfig */ = {isa = PBXFileReference; includeInIndex = 1; lastKnownFileType = text.xcconfig; name = "Pods-CycleOmics.debug.xcconfig"; path = "Pods/Target Support Files/Pods-CycleOmics/Pods-CycleOmics.debug.xcconfig"; sourceTree = "<group>"; };
		590DCA2686982E424AB64D68 /* Pods-CycleOmicsUITests.debug.xcconfig */ = {isa = PBXFileReference; includeInIndex = 1; lastKnownFileType = text.xcconfig; name = "Pods-CycleOmicsUITests.debug.xcconfig"; path = "Pods/Target Support Files/Pods-CycleOmicsUITests/Pods-CycleOmicsUITests.debug.xcconfig"; sourceTree = "<group>"; };
		6209C02E1D7CF8F300350B32 /* Notes.swift */ = {isa = PBXFileReference; fileEncoding = 4; lastKnownFileType = sourcecode.swift; path = Notes.swift; sourceTree = "<group>"; };
		622BE5131D6FB5940016B3D9 /* CarePlanQuery.swift */ = {isa = PBXFileReference; fileEncoding = 4; lastKnownFileType = sourcecode.swift; lineEnding = 0; path = CarePlanQuery.swift; sourceTree = "<group>"; xcLanguageSpecificationIdentifier = xcode.lang.swift; };
		622BE5151D6FB7FC0016B3D9 /* ActivityQuery.swift */ = {isa = PBXFileReference; fileEncoding = 4; lastKnownFileType = sourcecode.swift; path = ActivityQuery.swift; sourceTree = "<group>"; };
		622BE5171D6FBCA50016B3D9 /* AssesmentQuery.swift */ = {isa = PBXFileReference; fileEncoding = 4; lastKnownFileType = sourcecode.swift; path = AssesmentQuery.swift; sourceTree = "<group>"; };
		622BE51A1D6FC49B0016B3D9 /* debugPrint.swift */ = {isa = PBXFileReference; fileEncoding = 4; lastKnownFileType = sourcecode.swift; lineEnding = 0; path = debugPrint.swift; sourceTree = "<group>"; xcLanguageSpecificationIdentifier = xcode.lang.swift; };
		623C7D761D4B168C007B3D68 /* SalivaSample.png */ = {isa = PBXFileReference; lastKnownFileType = image.png; path = SalivaSample.png; sourceTree = "<group>"; };
		623C7D781D4B17F4007B3D68 /* fingerBloodSample.png */ = {isa = PBXFileReference; lastKnownFileType = image.png; path = fingerBloodSample.png; sourceTree = "<group>"; };
		623C7D791D4B17F4007B3D68 /* StoolSample.png */ = {isa = PBXFileReference; lastKnownFileType = image.png; path = StoolSample.png; sourceTree = "<group>"; };
		623C7D7A1D4B17F4007B3D68 /* UrineSample.png */ = {isa = PBXFileReference; lastKnownFileType = image.png; path = UrineSample.png; sourceTree = "<group>"; };
		623C7D7B1D4B17F4007B3D68 /* VaginalSwabSample.png */ = {isa = PBXFileReference; lastKnownFileType = image.png; path = VaginalSwabSample.png; sourceTree = "<group>"; };
		623FFD641CFB9A8E006EA0E0 /* CycleOmics.app */ = {isa = PBXFileReference; explicitFileType = wrapper.application; includeInIndex = 0; path = CycleOmics.app; sourceTree = BUILT_PRODUCTS_DIR; };
		623FFD671CFB9A8E006EA0E0 /* AppDelegate.swift */ = {isa = PBXFileReference; lastKnownFileType = sourcecode.swift; path = AppDelegate.swift; sourceTree = "<group>"; };
		623FFD711CFB9A8E006EA0E0 /* Assets.xcassets */ = {isa = PBXFileReference; lastKnownFileType = folder.assetcatalog; path = Assets.xcassets; sourceTree = "<group>"; };
		623FFD741CFB9A8E006EA0E0 /* Base */ = {isa = PBXFileReference; lastKnownFileType = file.storyboard; name = Base; path = Base.lproj/LaunchScreen.storyboard; sourceTree = "<group>"; };
		623FFD761CFB9A8E006EA0E0 /* Info.plist */ = {isa = PBXFileReference; lastKnownFileType = text.plist.xml; path = Info.plist; sourceTree = "<group>"; };
		623FFD7B1CFB9A8E006EA0E0 /* CycleOmicsTests.xctest */ = {isa = PBXFileReference; explicitFileType = wrapper.cfbundle; includeInIndex = 0; path = CycleOmicsTests.xctest; sourceTree = BUILT_PRODUCTS_DIR; };
		623FFD7F1CFB9A8E006EA0E0 /* CycleOmicsTests.swift */ = {isa = PBXFileReference; lastKnownFileType = sourcecode.swift; path = CycleOmicsTests.swift; sourceTree = "<group>"; };
		623FFD811CFB9A8E006EA0E0 /* Info.plist */ = {isa = PBXFileReference; lastKnownFileType = text.plist.xml; path = Info.plist; sourceTree = "<group>"; };
		623FFD861CFB9A8E006EA0E0 /* CycleOmicsUITests.xctest */ = {isa = PBXFileReference; explicitFileType = wrapper.cfbundle; includeInIndex = 0; path = CycleOmicsUITests.xctest; sourceTree = BUILT_PRODUCTS_DIR; };
		623FFD8A1CFB9A8E006EA0E0 /* CycleOmicsUITests.swift */ = {isa = PBXFileReference; lastKnownFileType = sourcecode.swift; path = CycleOmicsUITests.swift; sourceTree = "<group>"; };
		623FFD8C1CFB9A8E006EA0E0 /* Info.plist */ = {isa = PBXFileReference; lastKnownFileType = text.plist.xml; path = Info.plist; sourceTree = "<group>"; };
		625921181D5809A600B8AC11 /* NSDate+day.swift */ = {isa = PBXFileReference; fileEncoding = 4; lastKnownFileType = sourcecode.swift; path = "NSDate+day.swift"; sourceTree = "<group>"; };
		62910FF21D2B612100244FCE /* CareCardNavigationController.swift */ = {isa = PBXFileReference; fileEncoding = 4; lastKnownFileType = sourcecode.swift; lineEnding = 0; path = CareCardNavigationController.swift; sourceTree = "<group>"; xcLanguageSpecificationIdentifier = xcode.lang.swift; };
		62910FFB1D2C80B500244FCE /* HealthCategorySampleBuilder.swift */ = {isa = PBXFileReference; fileEncoding = 4; lastKnownFileType = sourcecode.swift; path = HealthCategorySampleBuilder.swift; sourceTree = "<group>"; };
		629110031D2C93DE00244FCE /* SexualActivities.swift */ = {isa = PBXFileReference; fileEncoding = 4; lastKnownFileType = sourcecode.swift; path = SexualActivities.swift; sourceTree = "<group>"; };
		629110051D2E04ED00244FCE /* CervicalMucus.swift */ = {isa = PBXFileReference; fileEncoding = 4; lastKnownFileType = sourcecode.swift; path = CervicalMucus.swift; sourceTree = "<group>"; };
		62A707A11D54281A00786F37 /* ReportBuilder.swift */ = {isa = PBXFileReference; fileEncoding = 4; lastKnownFileType = sourcecode.swift; lineEnding = 0; path = ReportBuilder.swift; sourceTree = "<group>"; xcLanguageSpecificationIdentifier = xcode.lang.swift; };
		62EA406D1D334F560072FE2F /* VaginalSwab.swift */ = {isa = PBXFileReference; fileEncoding = 4; lastKnownFileType = sourcecode.swift; path = VaginalSwab.swift; sourceTree = "<group>"; };
		62EA406F1D334FC70072FE2F /* Stool.swift */ = {isa = PBXFileReference; fileEncoding = 4; lastKnownFileType = sourcecode.swift; path = Stool.swift; sourceTree = "<group>"; };
		62EA40731D3464820072FE2F /* TubeSample.swift */ = {isa = PBXFileReference; fileEncoding = 4; lastKnownFileType = sourcecode.swift; path = TubeSample.swift; sourceTree = "<group>"; };
		62EB415D1D1B75E0002D67DE /* HealthKit.framework */ = {isa = PBXFileReference; lastKnownFileType = wrapper.framework; name = HealthKit.framework; path = System/Library/Frameworks/HealthKit.framework; sourceTree = SDKROOT; };
		62EB415F1D1B7871002D67DE /* CycleOmics.entitlements */ = {isa = PBXFileReference; lastKnownFileType = text.xml; path = CycleOmics.entitlements; sourceTree = "<group>"; };
		62EB41601D1B7A85002D67DE /* OnboardingViewController.swift */ = {isa = PBXFileReference; fileEncoding = 4; lastKnownFileType = sourcecode.swift; path = OnboardingViewController.swift; sourceTree = "<group>"; };
		62EB41611D1B7A85002D67DE /* IntroductionViewController.swift */ = {isa = PBXFileReference; fileEncoding = 4; lastKnownFileType = sourcecode.swift; path = IntroductionViewController.swift; sourceTree = "<group>"; };
		62EB416F1D1B8394002D67DE /* ResearchContainerViewController.swift */ = {isa = PBXFileReference; fileEncoding = 4; lastKnownFileType = sourcecode.swift; path = ResearchContainerViewController.swift; sourceTree = "<group>"; };
		62EB41701D1B8394002D67DE /* ResearchContainerSegue.swift */ = {isa = PBXFileReference; fileEncoding = 4; lastKnownFileType = sourcecode.swift; path = ResearchContainerSegue.swift; sourceTree = "<group>"; };
		62EB417C1D1B83FF002D67DE /* Main.storyboard */ = {isa = PBXFileReference; fileEncoding = 4; lastKnownFileType = file.storyboard; path = Main.storyboard; sourceTree = "<group>"; };
		62EB417E1D1B8429002D67DE /* HealthClientType.swift */ = {isa = PBXFileReference; fileEncoding = 4; lastKnownFileType = sourcecode.swift; path = HealthClientType.swift; sourceTree = "<group>"; };
		62EB417F1D1B8429002D67DE /* AnimatableChart.swift */ = {isa = PBXFileReference; fileEncoding = 4; lastKnownFileType = sourcecode.swift; path = AnimatableChart.swift; sourceTree = "<group>"; };
		62EB41831D1B8440002D67DE /* HealthDataStep.swift */ = {isa = PBXFileReference; fileEncoding = 4; lastKnownFileType = sourcecode.swift; path = HealthDataStep.swift; sourceTree = "<group>"; };
		62EB41841D1B8440002D67DE /* HealthDataStepViewController.swift */ = {isa = PBXFileReference; fileEncoding = 4; lastKnownFileType = sourcecode.swift; path = HealthDataStepViewController.swift; sourceTree = "<group>"; };
		62EB41851D1B8440002D67DE /* ConsentDocument.swift */ = {isa = PBXFileReference; fileEncoding = 4; lastKnownFileType = sourcecode.swift; path = ConsentDocument.swift; sourceTree = "<group>"; };
		62EB418A1D1B845A002D67DE /* WithdrawViewController.swift */ = {isa = PBXFileReference; fileEncoding = 4; lastKnownFileType = sourcecode.swift; path = WithdrawViewController.swift; sourceTree = "<group>"; };
		62EB418D1D1B8473002D67DE /* ProfileViewController.swift */ = {isa = PBXFileReference; fileEncoding = 4; lastKnownFileType = sourcecode.swift; lineEnding = 0; path = ProfileViewController.swift; sourceTree = "<group>"; xcLanguageSpecificationIdentifier = xcode.lang.swift; };
		62EB418E1D1B8473002D67DE /* ProfileStaticTableViewCell.swift */ = {isa = PBXFileReference; fileEncoding = 4; lastKnownFileType = sourcecode.swift; path = ProfileStaticTableViewCell.swift; sourceTree = "<group>"; };
		62EB418F1D1B8473002D67DE /* ProfileHeaderView.swift */ = {isa = PBXFileReference; fileEncoding = 4; lastKnownFileType = sourcecode.swift; path = ProfileHeaderView.swift; sourceTree = "<group>"; };
		62EB41991D1B84C6002D67DE /* HKHealthStore+Queries.swift */ = {isa = PBXFileReference; fileEncoding = 4; lastKnownFileType = sourcecode.swift; path = "HKHealthStore+Queries.swift"; sourceTree = "<group>"; };
		62EB419C1D1BF91E002D67DE /* Assessment.swift */ = {isa = PBXFileReference; fileEncoding = 4; lastKnownFileType = sourcecode.swift; path = Assessment.swift; sourceTree = "<group>"; };
		62EB419D1D1BF91E002D67DE /* HealthSampleBuilder.swift */ = {isa = PBXFileReference; fileEncoding = 4; lastKnownFileType = sourcecode.swift; path = HealthSampleBuilder.swift; sourceTree = "<group>"; };
		62EB419F1D1BF91E002D67DE /* Mood.swift */ = {isa = PBXFileReference; fileEncoding = 4; lastKnownFileType = sourcecode.swift; path = Mood.swift; sourceTree = "<group>"; };
		62EB41A91D1BF96A002D67DE /* Colors.swift */ = {isa = PBXFileReference; fileEncoding = 4; lastKnownFileType = sourcecode.swift; path = Colors.swift; sourceTree = "<group>"; };
		62EB41AB1D1BF9CE002D67DE /* Activity.swift */ = {isa = PBXFileReference; fileEncoding = 4; lastKnownFileType = sourcecode.swift; path = Activity.swift; sourceTree = "<group>"; };
		62EB41AC1D1BF9CE002D67DE /* FingerBloodSpot.swift */ = {isa = PBXFileReference; fileEncoding = 4; lastKnownFileType = sourcecode.swift; path = FingerBloodSpot.swift; sourceTree = "<group>"; };
		62EB41AD1D1BF9CE002D67DE /* Saliva.swift */ = {isa = PBXFileReference; fileEncoding = 4; lastKnownFileType = sourcecode.swift; path = Saliva.swift; sourceTree = "<group>"; };
		62EB41AE1D1BF9CE002D67DE /* Urine.swift */ = {isa = PBXFileReference; fileEncoding = 4; lastKnownFileType = sourcecode.swift; path = Urine.swift; sourceTree = "<group>"; };
		62EB41B41D1C4FA2002D67DE /* CarePlanStoreManager.swift */ = {isa = PBXFileReference; fileEncoding = 4; lastKnownFileType = sourcecode.swift; path = CarePlanStoreManager.swift; sourceTree = "<group>"; };
		62EB41BD1D1C5009002D67DE /* NSCalendar+Dates.swift */ = {isa = PBXFileReference; fileEncoding = 4; lastKnownFileType = sourcecode.swift; path = "NSCalendar+Dates.swift"; sourceTree = "<group>"; };
		62EB41BE1D1C5009002D67DE /* OCKInsightItem+EmptyMessage.swift */ = {isa = PBXFileReference; fileEncoding = 4; lastKnownFileType = sourcecode.swift; path = "OCKInsightItem+EmptyMessage.swift"; sourceTree = "<group>"; };
		62EB41C41D1C536A002D67DE /* SampleData.swift */ = {isa = PBXFileReference; fileEncoding = 4; lastKnownFileType = sourcecode.swift; lineEnding = 0; path = SampleData.swift; sourceTree = "<group>"; xcLanguageSpecificationIdentifier = xcode.lang.swift; };
		62EB41C81D1C5E8F002D67DE /* Stress.swift */ = {isa = PBXFileReference; fileEncoding = 4; lastKnownFileType = sourcecode.swift; path = Stress.swift; sourceTree = "<group>"; };
		62EB41CA1D1C659E002D67DE /* SymptomNavigationController.swift */ = {isa = PBXFileReference; fileEncoding = 4; lastKnownFileType = sourcecode.swift; lineEnding = 0; path = SymptomNavigationController.swift; sourceTree = "<group>"; xcLanguageSpecificationIdentifier = xcode.lang.swift; };
		62EB41CC1D1C6B77002D67DE /* Sleep.swift */ = {isa = PBXFileReference; fileEncoding = 4; lastKnownFileType = sourcecode.swift; path = Sleep.swift; sourceTree = "<group>"; };
		62EB41CE1D1C6CE0002D67DE /* BasalBodyTemperature.swift */ = {isa = PBXFileReference; fileEncoding = 4; lastKnownFileType = sourcecode.swift; path = BasalBodyTemperature.swift; sourceTree = "<group>"; };
		970859AF2835716EF0CC4F13 /* Pods_CycleOmics.framework */ = {isa = PBXFileReference; explicitFileType = wrapper.framework; includeInIndex = 0; path = Pods_CycleOmics.framework; sourceTree = BUILT_PRODUCTS_DIR; };
		A4250DEE775E006439A5735C /* Pods-CycleOmicsTests.release.xcconfig */ = {isa = PBXFileReference; includeInIndex = 1; lastKnownFileType = text.xcconfig; name = "Pods-CycleOmicsTests.release.xcconfig"; path = "Pods/Target Support Files/Pods-CycleOmicsTests/Pods-CycleOmicsTests.release.xcconfig"; sourceTree = "<group>"; };
		BAB3064C3315C23E1017E63C /* Pods_CycleOmicsTests.framework */ = {isa = PBXFileReference; explicitFileType = wrapper.framework; includeInIndex = 0; path = Pods_CycleOmicsTests.framework; sourceTree = BUILT_PRODUCTS_DIR; };
		C076BFE79D8517733B75F082 /* Pods_CycleOmicsUITests.framework */ = {isa = PBXFileReference; explicitFileType = wrapper.framework; includeInIndex = 0; path = Pods_CycleOmicsUITests.framework; sourceTree = BUILT_PRODUCTS_DIR; };
		CBE13D62785D2587754E44C7 /* Pods-CycleOmicsTests.debug.xcconfig */ = {isa = PBXFileReference; includeInIndex = 1; lastKnownFileType = text.xcconfig; name = "Pods-CycleOmicsTests.debug.xcconfig"; path = "Pods/Target Support Files/Pods-CycleOmicsTests/Pods-CycleOmicsTests.debug.xcconfig"; sourceTree = "<group>"; };
		DCB97518A846B7A8ECB86600 /* Pods-CycleOmics.release.xcconfig */ = {isa = PBXFileReference; includeInIndex = 1; lastKnownFileType = text.xcconfig; name = "Pods-CycleOmics.release.xcconfig"; path = "Pods/Target Support Files/Pods-CycleOmics/Pods-CycleOmics.release.xcconfig"; sourceTree = "<group>"; };
/* End PBXFileReference section */

/* Begin PBXFrameworksBuildPhase section */
		623FFD611CFB9A8E006EA0E0 /* Frameworks */ = {
			isa = PBXFrameworksBuildPhase;
			buildActionMask = 2147483647;
			files = (
				62EB415E1D1B75E0002D67DE /* HealthKit.framework in Frameworks */,
				0832E35DE0A8F5F872401821 /* Pods_CycleOmics.framework in Frameworks */,
			);
			runOnlyForDeploymentPostprocessing = 0;
		};
		623FFD781CFB9A8E006EA0E0 /* Frameworks */ = {
			isa = PBXFrameworksBuildPhase;
			buildActionMask = 2147483647;
			files = (
				234594D51F4AF06C9C104ECF /* Pods_CycleOmicsTests.framework in Frameworks */,
			);
			runOnlyForDeploymentPostprocessing = 0;
		};
		623FFD831CFB9A8E006EA0E0 /* Frameworks */ = {
			isa = PBXFrameworksBuildPhase;
			buildActionMask = 2147483647;
			files = (
				7EAA0F01CCB0451C7922B932 /* Pods_CycleOmicsUITests.framework in Frameworks */,
			);
			runOnlyForDeploymentPostprocessing = 0;
		};
/* End PBXFrameworksBuildPhase section */

/* Begin PBXGroup section */
		622BE5191D6FBF320016B3D9 /* Query */ = {
			isa = PBXGroup;
			children = (
				622BE5131D6FB5940016B3D9 /* CarePlanQuery.swift */,
				622BE5151D6FB7FC0016B3D9 /* ActivityQuery.swift */,
				622BE5171D6FBCA50016B3D9 /* AssesmentQuery.swift */,
			);
			name = Query;
			sourceTree = "<group>";
		};
		623C7D751D4B168C007B3D68 /* images */ = {
			isa = PBXGroup;
			children = (
				623C7D781D4B17F4007B3D68 /* fingerBloodSample.png */,
				623C7D791D4B17F4007B3D68 /* StoolSample.png */,
				623C7D7A1D4B17F4007B3D68 /* UrineSample.png */,
				623C7D7B1D4B17F4007B3D68 /* VaginalSwabSample.png */,
				623C7D761D4B168C007B3D68 /* SalivaSample.png */,
			);
			path = images;
			sourceTree = "<group>";
		};
		623FFD5B1CFB9A8E006EA0E0 = {
			isa = PBXGroup;
			children = (
				62EB415C1D1B75C6002D67DE /* Frameworks */,
				623FFD661CFB9A8E006EA0E0 /* CycleOmics */,
				623FFD7E1CFB9A8E006EA0E0 /* CycleOmicsTests */,
				623FFD891CFB9A8E006EA0E0 /* CycleOmicsUITests */,
				623FFD651CFB9A8E006EA0E0 /* Products */,
				E211721C1E79B4705FC7650F /* Pods */,
			);
			sourceTree = "<group>";
		};
		623FFD651CFB9A8E006EA0E0 /* Products */ = {
			isa = PBXGroup;
			children = (
				623FFD641CFB9A8E006EA0E0 /* CycleOmics.app */,
				623FFD7B1CFB9A8E006EA0E0 /* CycleOmicsTests.xctest */,
				623FFD861CFB9A8E006EA0E0 /* CycleOmicsUITests.xctest */,
			);
			name = Products;
			sourceTree = "<group>";
		};
		623FFD661CFB9A8E006EA0E0 /* CycleOmics */ = {
			isa = PBXGroup;
			children = (
				623FFD671CFB9A8E006EA0E0 /* AppDelegate.swift */,
				62EB41641D1B7A92002D67DE /* Onboarding */,
				62EA40721D3462690072FE2F /* ResearchContainer */,
				624567871D22011E00EEF04E /* NavigationControllers */,
				62EB41B31D1BF9D2002D67DE /* Activity */,
				62EB41A81D1BF926002D67DE /* Assesments */,
				624567861D22004D00EEF04E /* StoreManager */,
				625921211D58C30B00B8AC11 /* Reports */,
				62EB41931D1B8478002D67DE /* Profile */,
				62EB41821D1B842D002D67DE /* Protocols */,
				62EB41C11D1C500E002D67DE /* Extenstion */,
				62EB41A91D1BF96A002D67DE /* Colors.swift */,
				62EB417C1D1B83FF002D67DE /* Main.storyboard */,
				623FFD731CFB9A8E006EA0E0 /* LaunchScreen.storyboard */,
				62EB419B1D1B8511002D67DE /* Supporting Files */,
			);
			path = CycleOmics;
			sourceTree = "<group>";
		};
		623FFD7E1CFB9A8E006EA0E0 /* CycleOmicsTests */ = {
			isa = PBXGroup;
			children = (
				623FFD7F1CFB9A8E006EA0E0 /* CycleOmicsTests.swift */,
				623FFD811CFB9A8E006EA0E0 /* Info.plist */,
			);
			path = CycleOmicsTests;
			sourceTree = "<group>";
		};
		623FFD891CFB9A8E006EA0E0 /* CycleOmicsUITests */ = {
			isa = PBXGroup;
			children = (
				623FFD8A1CFB9A8E006EA0E0 /* CycleOmicsUITests.swift */,
				623FFD8C1CFB9A8E006EA0E0 /* Info.plist */,
			);
			path = CycleOmicsUITests;
			sourceTree = "<group>";
		};
		624567861D22004D00EEF04E /* StoreManager */ = {
			isa = PBXGroup;
			children = (
				62EB41B41D1C4FA2002D67DE /* CarePlanStoreManager.swift */,
				62EB41C41D1C536A002D67DE /* SampleData.swift */,
			);
			name = StoreManager;
			sourceTree = "<group>";
		};
		624567871D22011E00EEF04E /* NavigationControllers */ = {
			isa = PBXGroup;
			children = (
				62EB41CA1D1C659E002D67DE /* SymptomNavigationController.swift */,
				62910FF21D2B612100244FCE /* CareCardNavigationController.swift */,
			);
			name = NavigationControllers;
			sourceTree = "<group>";
		};
		625921211D58C30B00B8AC11 /* Reports */ = {
			isa = PBXGroup;
			children = (
				62A707A11D54281A00786F37 /* ReportBuilder.swift */,
				622BE5191D6FBF320016B3D9 /* Query */,
			);
			name = Reports;
			sourceTree = "<group>";
		};
		62910FF71D2C7C2100244FCE /* Protocols */ = {
			isa = PBXGroup;
			children = (
				62EB419C1D1BF91E002D67DE /* Assessment.swift */,
				62EB419D1D1BF91E002D67DE /* HealthSampleBuilder.swift */,
				62910FFB1D2C80B500244FCE /* HealthCategorySampleBuilder.swift */,
			);
			name = Protocols;
			sourceTree = "<group>";
		};
		62EA40711D334FDC0072FE2F /* ActiveTasks */ = {
			isa = PBXGroup;
			children = (
				62EA406D1D334F560072FE2F /* VaginalSwab.swift */,
				62EB41AD1D1BF9CE002D67DE /* Saliva.swift */,
				62EB41AC1D1BF9CE002D67DE /* FingerBloodSpot.swift */,
				62EB41AE1D1BF9CE002D67DE /* Urine.swift */,
				62EA406F1D334FC70072FE2F /* Stool.swift */,
			);
			name = ActiveTasks;
			sourceTree = "<group>";
		};
		62EA40721D3462690072FE2F /* ResearchContainer */ = {
			isa = PBXGroup;
			children = (
				62EB416F1D1B8394002D67DE /* ResearchContainerViewController.swift */,
				62EB41701D1B8394002D67DE /* ResearchContainerSegue.swift */,
			);
			name = ResearchContainer;
			sourceTree = "<group>";
		};
		62EB415C1D1B75C6002D67DE /* Frameworks */ = {
			isa = PBXGroup;
			children = (
				62EB415D1D1B75E0002D67DE /* HealthKit.framework */,
				970859AF2835716EF0CC4F13 /* Pods_CycleOmics.framework */,
				BAB3064C3315C23E1017E63C /* Pods_CycleOmicsTests.framework */,
				C076BFE79D8517733B75F082 /* Pods_CycleOmicsUITests.framework */,
			);
			name = Frameworks;
			sourceTree = "<group>";
		};
		62EB41641D1B7A92002D67DE /* Onboarding */ = {
			isa = PBXGroup;
			children = (
				62EB41891D1B844D002D67DE /* Steps */,
				62EB41601D1B7A85002D67DE /* OnboardingViewController.swift */,
				62EB41611D1B7A85002D67DE /* IntroductionViewController.swift */,
			);
			name = Onboarding;
			sourceTree = "<group>";
		};
		62EB41821D1B842D002D67DE /* Protocols */ = {
			isa = PBXGroup;
			children = (
				62EB417E1D1B8429002D67DE /* HealthClientType.swift */,
				62EB417F1D1B8429002D67DE /* AnimatableChart.swift */,
			);
			name = Protocols;
			sourceTree = "<group>";
		};
		62EB41891D1B844D002D67DE /* Steps */ = {
			isa = PBXGroup;
			children = (
				62EB41831D1B8440002D67DE /* HealthDataStep.swift */,
				62EB41841D1B8440002D67DE /* HealthDataStepViewController.swift */,
				62EB41851D1B8440002D67DE /* ConsentDocument.swift */,
			);
			name = Steps;
			sourceTree = "<group>";
		};
		62EB418C1D1B845D002D67DE /* Withdrawal */ = {
			isa = PBXGroup;
			children = (
				62EB418A1D1B845A002D67DE /* WithdrawViewController.swift */,
			);
			name = Withdrawal;
			sourceTree = "<group>";
		};
		62EB41931D1B8478002D67DE /* Profile */ = {
			isa = PBXGroup;
			children = (
				62EB418C1D1B845D002D67DE /* Withdrawal */,
				62EB418D1D1B8473002D67DE /* ProfileViewController.swift */,
				62EB418E1D1B8473002D67DE /* ProfileStaticTableViewCell.swift */,
				62EB418F1D1B8473002D67DE /* ProfileHeaderView.swift */,
			);
			name = Profile;
			sourceTree = "<group>";
		};
		62EB419B1D1B8511002D67DE /* Supporting Files */ = {
			isa = PBXGroup;
			children = (
				623C7D751D4B168C007B3D68 /* images */,
				623FFD711CFB9A8E006EA0E0 /* Assets.xcassets */,
				62EB415F1D1B7871002D67DE /* CycleOmics.entitlements */,
				623FFD761CFB9A8E006EA0E0 /* Info.plist */,
			);
			name = "Supporting Files";
			sourceTree = "<group>";
		};
		62EB41A81D1BF926002D67DE /* Assesments */ = {
			isa = PBXGroup;
			children = (
				62910FF71D2C7C2100244FCE /* Protocols */,
				62EB41CE1D1C6CE0002D67DE /* BasalBodyTemperature.swift */,
				62EB41C81D1C5E8F002D67DE /* Stress.swift */,
				62EB419F1D1BF91E002D67DE /* Mood.swift */,
				62EB41CC1D1C6B77002D67DE /* Sleep.swift */,
				629110031D2C93DE00244FCE /* SexualActivities.swift */,
				629110051D2E04ED00244FCE /* CervicalMucus.swift */,
				6209C02E1D7CF8F300350B32 /* Notes.swift */,
			);
			name = Assesments;
			sourceTree = "<group>";
		};
		62EB41B31D1BF9D2002D67DE /* Activity */ = {
			isa = PBXGroup;
			children = (
				62EB41AB1D1BF9CE002D67DE /* Activity.swift */,
				62EA40731D3464820072FE2F /* TubeSample.swift */,
				62EA40711D334FDC0072FE2F /* ActiveTasks */,
			);
			name = Activity;
			sourceTree = "<group>";
		};
		62EB41C11D1C500E002D67DE /* Extenstion */ = {
			isa = PBXGroup;
			children = (
				62EB41991D1B84C6002D67DE /* HKHealthStore+Queries.swift */,
				62EB41BD1D1C5009002D67DE /* NSCalendar+Dates.swift */,
				625921181D5809A600B8AC11 /* NSDate+day.swift */,
				62EB41BE1D1C5009002D67DE /* OCKInsightItem+EmptyMessage.swift */,
				622BE51A1D6FC49B0016B3D9 /* debugPrint.swift */,
			);
			name = Extenstion;
			sourceTree = "<group>";
		};
		E211721C1E79B4705FC7650F /* Pods */ = {
			isa = PBXGroup;
			children = (
				45D919E8F101563A84221CE2 /* Pods-CycleOmics.debug.xcconfig */,
				DCB97518A846B7A8ECB86600 /* Pods-CycleOmics.release.xcconfig */,
				CBE13D62785D2587754E44C7 /* Pods-CycleOmicsTests.debug.xcconfig */,
				A4250DEE775E006439A5735C /* Pods-CycleOmicsTests.release.xcconfig */,
				590DCA2686982E424AB64D68 /* Pods-CycleOmicsUITests.debug.xcconfig */,
				2B284847ACE23B7EACCB0285 /* Pods-CycleOmicsUITests.release.xcconfig */,
			);
			name = Pods;
			sourceTree = "<group>";
		};
/* End PBXGroup section */

/* Begin PBXNativeTarget section */
		623FFD631CFB9A8E006EA0E0 /* CycleOmics */ = {
			isa = PBXNativeTarget;
			buildConfigurationList = 623FFD8F1CFB9A8E006EA0E0 /* Build configuration list for PBXNativeTarget "CycleOmics" */;
			buildPhases = (
				5EF01C785B8391388205F544 /* [CP] Check Pods Manifest.lock */,
				623FFD601CFB9A8E006EA0E0 /* Sources */,
				623FFD611CFB9A8E006EA0E0 /* Frameworks */,
				623FFD621CFB9A8E006EA0E0 /* Resources */,
				976C028680A200679720F962 /* [CP] Embed Pods Frameworks */,
				69E51282AA321CECDF7E491D /* [CP] Copy Pods Resources */,
			);
			buildRules = (
			);
			dependencies = (
			);
			name = CycleOmics;
			productName = CycleOmics;
			productReference = 623FFD641CFB9A8E006EA0E0 /* CycleOmics.app */;
			productType = "com.apple.product-type.application";
		};
		623FFD7A1CFB9A8E006EA0E0 /* CycleOmicsTests */ = {
			isa = PBXNativeTarget;
			buildConfigurationList = 623FFD921CFB9A8E006EA0E0 /* Build configuration list for PBXNativeTarget "CycleOmicsTests" */;
			buildPhases = (
				22F94B1D00A8771F88DC583A /* [CP] Check Pods Manifest.lock */,
				623FFD771CFB9A8E006EA0E0 /* Sources */,
				623FFD781CFB9A8E006EA0E0 /* Frameworks */,
				623FFD791CFB9A8E006EA0E0 /* Resources */,
				B806CA1045901E541B29971A /* [CP] Embed Pods Frameworks */,
				AB9AA525F98761B8D378B119 /* [CP] Copy Pods Resources */,
			);
			buildRules = (
			);
			dependencies = (
				623FFD7D1CFB9A8E006EA0E0 /* PBXTargetDependency */,
			);
			name = CycleOmicsTests;
			productName = CycleOmicsTests;
			productReference = 623FFD7B1CFB9A8E006EA0E0 /* CycleOmicsTests.xctest */;
			productType = "com.apple.product-type.bundle.unit-test";
		};
		623FFD851CFB9A8E006EA0E0 /* CycleOmicsUITests */ = {
			isa = PBXNativeTarget;
			buildConfigurationList = 623FFD951CFB9A8E006EA0E0 /* Build configuration list for PBXNativeTarget "CycleOmicsUITests" */;
			buildPhases = (
				39A3428049333B9171776A7B /* [CP] Check Pods Manifest.lock */,
				623FFD821CFB9A8E006EA0E0 /* Sources */,
				623FFD831CFB9A8E006EA0E0 /* Frameworks */,
				623FFD841CFB9A8E006EA0E0 /* Resources */,
				6E556759EFAF08B259743ECF /* [CP] Copy Pods Resources */,
			);
			buildRules = (
			);
			dependencies = (
				623FFD881CFB9A8E006EA0E0 /* PBXTargetDependency */,
			);
			name = CycleOmicsUITests;
			productName = CycleOmicsUITests;
			productReference = 623FFD861CFB9A8E006EA0E0 /* CycleOmicsUITests.xctest */;
			productType = "com.apple.product-type.bundle.ui-testing";
		};
/* End PBXNativeTarget section */

/* Begin PBXProject section */
		623FFD5C1CFB9A8E006EA0E0 /* Project object */ = {
			isa = PBXProject;
			attributes = {
				LastSwiftUpdateCheck = 0730;
				LastUpgradeCheck = 0800;
				ORGANIZATIONNAME = Curio;
				TargetAttributes = {
					623FFD631CFB9A8E006EA0E0 = {
						CreatedOnToolsVersion = 7.3.1;
						DevelopmentTeam = 675WBNZAJJ;
						LastSwiftMigration = 0800;
						SystemCapabilities = {
							com.apple.HealthKit = {
								enabled = 1;
							};
						};
					};
					623FFD7A1CFB9A8E006EA0E0 = {
						CreatedOnToolsVersion = 7.3.1;
						LastSwiftMigration = 0800;
						TestTargetID = 623FFD631CFB9A8E006EA0E0;
					};
					623FFD851CFB9A8E006EA0E0 = {
						CreatedOnToolsVersion = 7.3.1;
						LastSwiftMigration = 0800;
						TestTargetID = 623FFD631CFB9A8E006EA0E0;
					};
				};
			};
			buildConfigurationList = 623FFD5F1CFB9A8E006EA0E0 /* Build configuration list for PBXProject "CycleOmics" */;
			compatibilityVersion = "Xcode 3.2";
			developmentRegion = English;
			hasScannedForEncodings = 0;
			knownRegions = (
				en,
				Base,
			);
			mainGroup = 623FFD5B1CFB9A8E006EA0E0;
			productRefGroup = 623FFD651CFB9A8E006EA0E0 /* Products */;
			projectDirPath = "";
			projectRoot = "";
			targets = (
				623FFD631CFB9A8E006EA0E0 /* CycleOmics */,
				623FFD7A1CFB9A8E006EA0E0 /* CycleOmicsTests */,
				623FFD851CFB9A8E006EA0E0 /* CycleOmicsUITests */,
			);
		};
/* End PBXProject section */

/* Begin PBXResourcesBuildPhase section */
		623FFD621CFB9A8E006EA0E0 /* Resources */ = {
			isa = PBXResourcesBuildPhase;
			buildActionMask = 2147483647;
			files = (
				623FFD751CFB9A8E006EA0E0 /* LaunchScreen.storyboard in Resources */,
				623FFD721CFB9A8E006EA0E0 /* Assets.xcassets in Resources */,
				62EB417D1D1B83FF002D67DE /* Main.storyboard in Resources */,
			);
			runOnlyForDeploymentPostprocessing = 0;
		};
		623FFD791CFB9A8E006EA0E0 /* Resources */ = {
			isa = PBXResourcesBuildPhase;
			buildActionMask = 2147483647;
			files = (
			);
			runOnlyForDeploymentPostprocessing = 0;
		};
		623FFD841CFB9A8E006EA0E0 /* Resources */ = {
			isa = PBXResourcesBuildPhase;
			buildActionMask = 2147483647;
			files = (
			);
			runOnlyForDeploymentPostprocessing = 0;
		};
/* End PBXResourcesBuildPhase section */

/* Begin PBXShellScriptBuildPhase section */
		22F94B1D00A8771F88DC583A /* [CP] Check Pods Manifest.lock */ = {
			isa = PBXShellScriptBuildPhase;
			buildActionMask = 2147483647;
			files = (
			);
			inputPaths = (
			);
			name = "[CP] Check Pods Manifest.lock";
			outputPaths = (
			);
			runOnlyForDeploymentPostprocessing = 0;
			shellPath = /bin/sh;
			shellScript = "diff \"${PODS_ROOT}/../Podfile.lock\" \"${PODS_ROOT}/Manifest.lock\" > /dev/null\nif [[ $? != 0 ]] ; then\n    cat << EOM\nerror: The sandbox is not in sync with the Podfile.lock. Run 'pod install' or update your CocoaPods installation.\nEOM\n    exit 1\nfi\n";
			showEnvVarsInLog = 0;
		};
		39A3428049333B9171776A7B /* [CP] Check Pods Manifest.lock */ = {
			isa = PBXShellScriptBuildPhase;
			buildActionMask = 2147483647;
			files = (
			);
			inputPaths = (
			);
			name = "[CP] Check Pods Manifest.lock";
			outputPaths = (
			);
			runOnlyForDeploymentPostprocessing = 0;
			shellPath = /bin/sh;
			shellScript = "diff \"${PODS_ROOT}/../Podfile.lock\" \"${PODS_ROOT}/Manifest.lock\" > /dev/null\nif [[ $? != 0 ]] ; then\n    cat << EOM\nerror: The sandbox is not in sync with the Podfile.lock. Run 'pod install' or update your CocoaPods installation.\nEOM\n    exit 1\nfi\n";
			showEnvVarsInLog = 0;
		};
		5EF01C785B8391388205F544 /* [CP] Check Pods Manifest.lock */ = {
			isa = PBXShellScriptBuildPhase;
			buildActionMask = 2147483647;
			files = (
			);
			inputPaths = (
			);
			name = "[CP] Check Pods Manifest.lock";
			outputPaths = (
			);
			runOnlyForDeploymentPostprocessing = 0;
			shellPath = /bin/sh;
			shellScript = "diff \"${PODS_ROOT}/../Podfile.lock\" \"${PODS_ROOT}/Manifest.lock\" > /dev/null\nif [[ $? != 0 ]] ; then\n    cat << EOM\nerror: The sandbox is not in sync with the Podfile.lock. Run 'pod install' or update your CocoaPods installation.\nEOM\n    exit 1\nfi\n";
			showEnvVarsInLog = 0;
		};
		69E51282AA321CECDF7E491D /* [CP] Copy Pods Resources */ = {
			isa = PBXShellScriptBuildPhase;
			buildActionMask = 2147483647;
			files = (
			);
			inputPaths = (
			);
			name = "[CP] Copy Pods Resources";
			outputPaths = (
			);
			runOnlyForDeploymentPostprocessing = 0;
			shellPath = /bin/sh;
			shellScript = "\"${SRCROOT}/Pods/Target Support Files/Pods-CycleOmics/Pods-CycleOmics-resources.sh\"\n";
			showEnvVarsInLog = 0;
		};
		6E556759EFAF08B259743ECF /* [CP] Copy Pods Resources */ = {
			isa = PBXShellScriptBuildPhase;
			buildActionMask = 2147483647;
			files = (
			);
			inputPaths = (
			);
			name = "[CP] Copy Pods Resources";
			outputPaths = (
			);
			runOnlyForDeploymentPostprocessing = 0;
			shellPath = /bin/sh;
			shellScript = "\"${SRCROOT}/Pods/Target Support Files/Pods-CycleOmicsUITests/Pods-CycleOmicsUITests-resources.sh\"\n";
			showEnvVarsInLog = 0;
		};
		976C028680A200679720F962 /* [CP] Embed Pods Frameworks */ = {
			isa = PBXShellScriptBuildPhase;
			buildActionMask = 2147483647;
			files = (
			);
			inputPaths = (
			);
			name = "[CP] Embed Pods Frameworks";
			outputPaths = (
			);
			runOnlyForDeploymentPostprocessing = 0;
			shellPath = /bin/sh;
			shellScript = "\"${SRCROOT}/Pods/Target Support Files/Pods-CycleOmics/Pods-CycleOmics-frameworks.sh\"\n";
			showEnvVarsInLog = 0;
		};
		AB9AA525F98761B8D378B119 /* [CP] Copy Pods Resources */ = {
			isa = PBXShellScriptBuildPhase;
			buildActionMask = 2147483647;
			files = (
			);
			inputPaths = (
			);
			name = "[CP] Copy Pods Resources";
			outputPaths = (
			);
			runOnlyForDeploymentPostprocessing = 0;
			shellPath = /bin/sh;
			shellScript = "\"${SRCROOT}/Pods/Target Support Files/Pods-CycleOmicsTests/Pods-CycleOmicsTests-resources.sh\"\n";
			showEnvVarsInLog = 0;
		};
		B806CA1045901E541B29971A /* [CP] Embed Pods Frameworks */ = {
			isa = PBXShellScriptBuildPhase;
			buildActionMask = 2147483647;
			files = (
			);
			inputPaths = (
			);
			name = "[CP] Embed Pods Frameworks";
			outputPaths = (
			);
			runOnlyForDeploymentPostprocessing = 0;
			shellPath = /bin/sh;
			shellScript = "\"${SRCROOT}/Pods/Target Support Files/Pods-CycleOmicsTests/Pods-CycleOmicsTests-frameworks.sh\"\n";
			showEnvVarsInLog = 0;
		};
/* End PBXShellScriptBuildPhase section */

/* Begin PBXSourcesBuildPhase section */
		623FFD601CFB9A8E006EA0E0 /* Sources */ = {
			isa = PBXSourcesBuildPhase;
			buildActionMask = 2147483647;
			files = (
				62EB41C51D1C536A002D67DE /* SampleData.swift in Sources */,
				622BE5181D6FBCA50016B3D9 /* AssesmentQuery.swift in Sources */,
				622BE5141D6FB5940016B3D9 /* CarePlanQuery.swift in Sources */,
				62EB41BF1D1C5009002D67DE /* NSCalendar+Dates.swift in Sources */,
				62EB41AA1D1BF96A002D67DE /* Colors.swift in Sources */,
				62EB41AF1D1BF9CE002D67DE /* Activity.swift in Sources */,
				62910FFC1D2C80B500244FCE /* HealthCategorySampleBuilder.swift in Sources */,
				62EB41B21D1BF9CE002D67DE /* Urine.swift in Sources */,
				62EB41801D1B8429002D67DE /* HealthClientType.swift in Sources */,
				62EB41711D1B8394002D67DE /* ResearchContainerViewController.swift in Sources */,
				62EB41631D1B7A85002D67DE /* IntroductionViewController.swift in Sources */,
				62EB41CD1D1C6B77002D67DE /* Sleep.swift in Sources */,
				62EB41B01D1BF9CE002D67DE /* FingerBloodSpot.swift in Sources */,
				623FFD681CFB9A8E006EA0E0 /* AppDelegate.swift in Sources */,
				62EB41C01D1C5009002D67DE /* OCKInsightItem+EmptyMessage.swift in Sources */,
				625921191D5809A600B8AC11 /* NSDate+day.swift in Sources */,
				62EB41B11D1BF9CE002D67DE /* Saliva.swift in Sources */,
				62EB41CB1D1C659E002D67DE /* SymptomNavigationController.swift in Sources */,
				62EB41901D1B8473002D67DE /* ProfileViewController.swift in Sources */,
				62EB41A51D1BF91E002D67DE /* Mood.swift in Sources */,
				62EB41A21D1BF91E002D67DE /* Assessment.swift in Sources */,
				62EA406E1D334F560072FE2F /* VaginalSwab.swift in Sources */,
				62EB41921D1B8473002D67DE /* ProfileHeaderView.swift in Sources */,
				62EA40741D3464820072FE2F /* TubeSample.swift in Sources */,
				62EB419A1D1B84C6002D67DE /* HKHealthStore+Queries.swift in Sources */,
				622BE5161D6FB7FC0016B3D9 /* ActivityQuery.swift in Sources */,
				62EB41811D1B8429002D67DE /* AnimatableChart.swift in Sources */,
				62EB41CF1D1C6CE0002D67DE /* BasalBodyTemperature.swift in Sources */,
				62EB41721D1B8394002D67DE /* ResearchContainerSegue.swift in Sources */,
				62EB41881D1B8440002D67DE /* ConsentDocument.swift in Sources */,
				62A707A21D54281A00786F37 /* ReportBuilder.swift in Sources */,
				62EB41861D1B8440002D67DE /* HealthDataStep.swift in Sources */,
				62910FF31D2B612100244FCE /* CareCardNavigationController.swift in Sources */,
				62EB41871D1B8440002D67DE /* HealthDataStepViewController.swift in Sources */,
				62EB418B1D1B845A002D67DE /* WithdrawViewController.swift in Sources */,
				629110041D2C93DE00244FCE /* SexualActivities.swift in Sources */,
				62EA40701D334FC70072FE2F /* Stool.swift in Sources */,
				62EB41911D1B8473002D67DE /* ProfileStaticTableViewCell.swift in Sources */,
				622BE51B1D6FC49B0016B3D9 /* debugPrint.swift in Sources */,
				62EB41A31D1BF91E002D67DE /* HealthSampleBuilder.swift in Sources */,
				62EB41B51D1C4FA2002D67DE /* CarePlanStoreManager.swift in Sources */,
				6209C02F1D7CF8F300350B32 /* Notes.swift in Sources */,
				62EB41621D1B7A85002D67DE /* OnboardingViewController.swift in Sources */,
				629110061D2E04ED00244FCE /* CervicalMucus.swift in Sources */,
				62EB41C91D1C5E8F002D67DE /* Stress.swift in Sources */,
			);
			runOnlyForDeploymentPostprocessing = 0;
		};
		623FFD771CFB9A8E006EA0E0 /* Sources */ = {
			isa = PBXSourcesBuildPhase;
			buildActionMask = 2147483647;
			files = (
				623FFD801CFB9A8E006EA0E0 /* CycleOmicsTests.swift in Sources */,
			);
			runOnlyForDeploymentPostprocessing = 0;
		};
		623FFD821CFB9A8E006EA0E0 /* Sources */ = {
			isa = PBXSourcesBuildPhase;
			buildActionMask = 2147483647;
			files = (
				623FFD8B1CFB9A8E006EA0E0 /* CycleOmicsUITests.swift in Sources */,
			);
			runOnlyForDeploymentPostprocessing = 0;
		};
/* End PBXSourcesBuildPhase section */

/* Begin PBXTargetDependency section */
		623FFD7D1CFB9A8E006EA0E0 /* PBXTargetDependency */ = {
			isa = PBXTargetDependency;
			target = 623FFD631CFB9A8E006EA0E0 /* CycleOmics */;
			targetProxy = 623FFD7C1CFB9A8E006EA0E0 /* PBXContainerItemProxy */;
		};
		623FFD881CFB9A8E006EA0E0 /* PBXTargetDependency */ = {
			isa = PBXTargetDependency;
			target = 623FFD631CFB9A8E006EA0E0 /* CycleOmics */;
			targetProxy = 623FFD871CFB9A8E006EA0E0 /* PBXContainerItemProxy */;
		};
/* End PBXTargetDependency section */

/* Begin PBXVariantGroup section */
		623FFD731CFB9A8E006EA0E0 /* LaunchScreen.storyboard */ = {
			isa = PBXVariantGroup;
			children = (
				623FFD741CFB9A8E006EA0E0 /* Base */,
			);
			name = LaunchScreen.storyboard;
			sourceTree = "<group>";
		};
/* End PBXVariantGroup section */

/* Begin XCBuildConfiguration section */
		623FFD8D1CFB9A8E006EA0E0 /* Debug */ = {
			isa = XCBuildConfiguration;
			buildSettings = {
				ALWAYS_SEARCH_USER_PATHS = NO;
				CLANG_ANALYZER_NONNULL = YES;
				CLANG_CXX_LANGUAGE_STANDARD = "gnu++0x";
				CLANG_CXX_LIBRARY = "libc++";
				CLANG_ENABLE_MODULES = YES;
				CLANG_ENABLE_OBJC_ARC = YES;
				CLANG_WARN_BOOL_CONVERSION = YES;
				CLANG_WARN_CONSTANT_CONVERSION = YES;
				CLANG_WARN_DIRECT_OBJC_ISA_USAGE = YES_ERROR;
				CLANG_WARN_EMPTY_BODY = YES;
				CLANG_WARN_ENUM_CONVERSION = YES;
				CLANG_WARN_INFINITE_RECURSION = YES;
				CLANG_WARN_INT_CONVERSION = YES;
				CLANG_WARN_OBJC_ROOT_CLASS = YES_ERROR;
				CLANG_WARN_SUSPICIOUS_MOVE = YES;
				CLANG_WARN_UNREACHABLE_CODE = YES;
				CLANG_WARN__DUPLICATE_METHOD_MATCH = YES;
				"CODE_SIGN_IDENTITY[sdk=iphoneos*]" = "iPhone Developer";
				COPY_PHASE_STRIP = NO;
				DEBUG_INFORMATION_FORMAT = dwarf;
				ENABLE_STRICT_OBJC_MSGSEND = YES;
				ENABLE_TESTABILITY = YES;
				GCC_C_LANGUAGE_STANDARD = gnu99;
				GCC_DYNAMIC_NO_PIC = NO;
				GCC_NO_COMMON_BLOCKS = YES;
				GCC_OPTIMIZATION_LEVEL = 0;
				GCC_PREPROCESSOR_DEFINITIONS = (
					"DEBUG=1",
					"$(inherited)",
				);
				GCC_WARN_64_TO_32_BIT_CONVERSION = YES;
				GCC_WARN_ABOUT_RETURN_TYPE = YES_ERROR;
				GCC_WARN_UNDECLARED_SELECTOR = YES;
				GCC_WARN_UNINITIALIZED_AUTOS = YES_AGGRESSIVE;
				GCC_WARN_UNUSED_FUNCTION = YES;
				GCC_WARN_UNUSED_VARIABLE = YES;
				IPHONEOS_DEPLOYMENT_TARGET = 9.3;
				MTL_ENABLE_DEBUG_INFO = YES;
				ONLY_ACTIVE_ARCH = YES;
				SDKROOT = iphoneos;
				SWIFT_OPTIMIZATION_LEVEL = "-Onone";
				SWIFT_VERSION = 3.0;
				TARGETED_DEVICE_FAMILY = "1,2";
			};
			name = Debug;
		};
		623FFD8E1CFB9A8E006EA0E0 /* Release */ = {
			isa = XCBuildConfiguration;
			buildSettings = {
				ALWAYS_SEARCH_USER_PATHS = NO;
				CLANG_ANALYZER_NONNULL = YES;
				CLANG_CXX_LANGUAGE_STANDARD = "gnu++0x";
				CLANG_CXX_LIBRARY = "libc++";
				CLANG_ENABLE_MODULES = YES;
				CLANG_ENABLE_OBJC_ARC = YES;
				CLANG_WARN_BOOL_CONVERSION = YES;
				CLANG_WARN_CONSTANT_CONVERSION = YES;
				CLANG_WARN_DIRECT_OBJC_ISA_USAGE = YES_ERROR;
				CLANG_WARN_EMPTY_BODY = YES;
				CLANG_WARN_ENUM_CONVERSION = YES;
				CLANG_WARN_INFINITE_RECURSION = YES;
				CLANG_WARN_INT_CONVERSION = YES;
				CLANG_WARN_OBJC_ROOT_CLASS = YES_ERROR;
				CLANG_WARN_SUSPICIOUS_MOVE = YES;
				CLANG_WARN_UNREACHABLE_CODE = YES;
				CLANG_WARN__DUPLICATE_METHOD_MATCH = YES;
				"CODE_SIGN_IDENTITY[sdk=iphoneos*]" = "iPhone Developer";
				COPY_PHASE_STRIP = NO;
				DEBUG_INFORMATION_FORMAT = "dwarf-with-dsym";
				ENABLE_NS_ASSERTIONS = NO;
				ENABLE_STRICT_OBJC_MSGSEND = YES;
				GCC_C_LANGUAGE_STANDARD = gnu99;
				GCC_NO_COMMON_BLOCKS = YES;
				GCC_WARN_64_TO_32_BIT_CONVERSION = YES;
				GCC_WARN_ABOUT_RETURN_TYPE = YES_ERROR;
				GCC_WARN_UNDECLARED_SELECTOR = YES;
				GCC_WARN_UNINITIALIZED_AUTOS = YES_AGGRESSIVE;
				GCC_WARN_UNUSED_FUNCTION = YES;
				GCC_WARN_UNUSED_VARIABLE = YES;
				IPHONEOS_DEPLOYMENT_TARGET = 9.3;
				MTL_ENABLE_DEBUG_INFO = NO;
				SDKROOT = iphoneos;
				SWIFT_OPTIMIZATION_LEVEL = "-Owholemodule";
				SWIFT_VERSION = 3.0;
				TARGETED_DEVICE_FAMILY = "1,2";
				VALIDATE_PRODUCT = YES;
			};
			name = Release;
		};
		623FFD901CFB9A8E006EA0E0 /* Debug */ = {
			isa = XCBuildConfiguration;
			baseConfigurationReference = 45D919E8F101563A84221CE2 /* Pods-CycleOmics.debug.xcconfig */;
			buildSettings = {
				ASSETCATALOG_COMPILER_APPICON_NAME = AppIcon;
				CODE_SIGN_ENTITLEMENTS = CycleOmics/CycleOmics.entitlements;
				INFOPLIST_FILE = CycleOmics/Info.plist;
				LD_RUNPATH_SEARCH_PATHS = "$(inherited) @executable_path/Frameworks";
				PRODUCT_BUNDLE_IDENTIFIER = curio.CycleOmics;
				PRODUCT_NAME = "$(TARGET_NAME)";
				SWIFT_VERSION = 3.0;
			};
			name = Debug;
		};
		623FFD911CFB9A8E006EA0E0 /* Release */ = {
			isa = XCBuildConfiguration;
			baseConfigurationReference = DCB97518A846B7A8ECB86600 /* Pods-CycleOmics.release.xcconfig */;
			buildSettings = {
				ASSETCATALOG_COMPILER_APPICON_NAME = AppIcon;
				CODE_SIGN_ENTITLEMENTS = CycleOmics/CycleOmics.entitlements;
				INFOPLIST_FILE = CycleOmics/Info.plist;
				LD_RUNPATH_SEARCH_PATHS = "$(inherited) @executable_path/Frameworks";
				PRODUCT_BUNDLE_IDENTIFIER = curio.CycleOmics;
				PRODUCT_NAME = "$(TARGET_NAME)";
				SWIFT_VERSION = 3.0;
			};
			name = Release;
		};
		623FFD931CFB9A8E006EA0E0 /* Debug */ = {
			isa = XCBuildConfiguration;
			baseConfigurationReference = CBE13D62785D2587754E44C7 /* Pods-CycleOmicsTests.debug.xcconfig */;
			buildSettings = {
				BUNDLE_LOADER = "$(TEST_HOST)";
				INFOPLIST_FILE = CycleOmicsTests/Info.plist;
				LD_RUNPATH_SEARCH_PATHS = "$(inherited) @executable_path/Frameworks @loader_path/Frameworks";
				PRODUCT_BUNDLE_IDENTIFIER = curio.CycleOmicsTests;
				PRODUCT_NAME = "$(TARGET_NAME)";
				SWIFT_VERSION = 3.0;
				TEST_HOST = "$(BUILT_PRODUCTS_DIR)/CycleOmics.app/CycleOmics";
			};
			name = Debug;
		};
		623FFD941CFB9A8E006EA0E0 /* Release */ = {
			isa = XCBuildConfiguration;
			baseConfigurationReference = A4250DEE775E006439A5735C /* Pods-CycleOmicsTests.release.xcconfig */;
			buildSettings = {
				BUNDLE_LOADER = "$(TEST_HOST)";
				INFOPLIST_FILE = CycleOmicsTests/Info.plist;
				LD_RUNPATH_SEARCH_PATHS = "$(inherited) @executable_path/Frameworks @loader_path/Frameworks";
				PRODUCT_BUNDLE_IDENTIFIER = curio.CycleOmicsTests;
				PRODUCT_NAME = "$(TARGET_NAME)";
				SWIFT_VERSION = 3.0;
				TEST_HOST = "$(BUILT_PRODUCTS_DIR)/CycleOmics.app/CycleOmics";
			};
			name = Release;
		};
		623FFD961CFB9A8E006EA0E0 /* Debug */ = {
			isa = XCBuildConfiguration;
			baseConfigurationReference = 590DCA2686982E424AB64D68 /* Pods-CycleOmicsUITests.debug.xcconfig */;
			buildSettings = {
				INFOPLIST_FILE = CycleOmicsUITests/Info.plist;
				LD_RUNPATH_SEARCH_PATHS = "$(inherited) @executable_path/Frameworks @loader_path/Frameworks";
				PRODUCT_BUNDLE_IDENTIFIER = curio.CycleOmicsUITests;
				PRODUCT_NAME = "$(TARGET_NAME)";
				SWIFT_VERSION = 3.0;
				TEST_TARGET_NAME = CycleOmics;
			};
			name = Debug;
		};
		623FFD971CFB9A8E006EA0E0 /* Release */ = {
			isa = XCBuildConfiguration;
			baseConfigurationReference = 2B284847ACE23B7EACCB0285 /* Pods-CycleOmicsUITests.release.xcconfig */;
			buildSettings = {
				INFOPLIST_FILE = CycleOmicsUITests/Info.plist;
				LD_RUNPATH_SEARCH_PATHS = "$(inherited) @executable_path/Frameworks @loader_path/Frameworks";
				PRODUCT_BUNDLE_IDENTIFIER = curio.CycleOmicsUITests;
				PRODUCT_NAME = "$(TARGET_NAME)";
				SWIFT_VERSION = 3.0;
				TEST_TARGET_NAME = CycleOmics;
			};
			name = Release;
		};
/* End XCBuildConfiguration section */

/* Begin XCConfigurationList section */
		623FFD5F1CFB9A8E006EA0E0 /* Build configuration list for PBXProject "CycleOmics" */ = {
			isa = XCConfigurationList;
			buildConfigurations = (
				623FFD8D1CFB9A8E006EA0E0 /* Debug */,
				623FFD8E1CFB9A8E006EA0E0 /* Release */,
			);
			defaultConfigurationIsVisible = 0;
			defaultConfigurationName = Release;
		};
		623FFD8F1CFB9A8E006EA0E0 /* Build configuration list for PBXNativeTarget "CycleOmics" */ = {
			isa = XCConfigurationList;
			buildConfigurations = (
				623FFD901CFB9A8E006EA0E0 /* Debug */,
				623FFD911CFB9A8E006EA0E0 /* Release */,
			);
			defaultConfigurationIsVisible = 0;
			defaultConfigurationName = Release;
		};
		623FFD921CFB9A8E006EA0E0 /* Build configuration list for PBXNativeTarget "CycleOmicsTests" */ = {
			isa = XCConfigurationList;
			buildConfigurations = (
				623FFD931CFB9A8E006EA0E0 /* Debug */,
				623FFD941CFB9A8E006EA0E0 /* Release */,
			);
			defaultConfigurationIsVisible = 0;
			defaultConfigurationName = Release;
		};
		623FFD951CFB9A8E006EA0E0 /* Build configuration list for PBXNativeTarget "CycleOmicsUITests" */ = {
			isa = XCConfigurationList;
			buildConfigurations = (
				623FFD961CFB9A8E006EA0E0 /* Debug */,
				623FFD971CFB9A8E006EA0E0 /* Release */,
			);
			defaultConfigurationIsVisible = 0;
			defaultConfigurationName = Release;
		};
/* End XCConfigurationList section */
	};
	rootObject = 623FFD5C1CFB9A8E006EA0E0 /* Project object */;
}
